
Microsoft Visual Studio Solution File, Format Version 12.00
# Visual Studio 15
VisualStudioVersion = 15.0.27309.0
MinimumVisualStudioVersion = 10.0.40219.1
Project("{9A19103F-16F7-4668-BE54-9A1E7A4F7556}") = "RaspiCore", "src\RaspiCore\RaspiCore.csproj", "{CC64C5E0-C487-4093-8ABD-6291AAF2DFAF}"
EndProject
Project("{FAE04EC0-301F-11D3-BF4B-00C04F79EFBC}") = "LedBar", "LedBar\LedBar.csproj", "{526064BF-8F96-4247-AB97-81B8491F2DAA}"
EndProject
Global
	GlobalSection(SolutionConfigurationPlatforms) = preSolution
		Debug|Any CPU = Debug|Any CPU
		Release|Any CPU = Release|Any CPU
	EndGlobalSection
	GlobalSection(ProjectConfigurationPlatforms) = postSolution
		{CC64C5E0-C487-4093-8ABD-6291AAF2DFAF}.Debug|Any CPU.ActiveCfg = Debug|Any CPU
		{CC64C5E0-C487-4093-8ABD-6291AAF2DFAF}.Debug|Any CPU.Build.0 = Debug|Any CPU
		{CC64C5E0-C487-4093-8ABD-6291AAF2DFAF}.Release|Any CPU.ActiveCfg = Release|Any CPU
		{CC64C5E0-C487-4093-8ABD-6291AAF2DFAF}.Release|Any CPU.Build.0 = Release|Any CPU
		{526064BF-8F96-4247-AB97-81B8491F2DAA}.Debug|Any CPU.ActiveCfg = Debug|Any CPU
		{526064BF-8F96-4247-AB97-81B8491F2DAA}.Debug|Any CPU.Build.0 = Debug|Any CPU
		{526064BF-8F96-4247-AB97-81B8491F2DAA}.Release|Any CPU.ActiveCfg = Release|Any CPU
		{526064BF-8F96-4247-AB97-81B8491F2DAA}.Release|Any CPU.Build.0 = Release|Any CPU
	EndGlobalSection
	GlobalSection(SolutionProperties) = preSolution
		HideSolutionNode = FALSE
	EndGlobalSection
	GlobalSection(ExtensibilityGlobals) = postSolution
		SolutionGuid = {6BCD6046-0587-41BC-A841-3B9C47854E38}
	EndGlobalSection
EndGlobal
